
Microsoft Visual Studio Solution File, Format Version 12.00
# Visual Studio 2012
Project("{FAE04EC0-301F-11D3-BF4B-00C04F79EFBC}") = "PhotoCutter", "PhotoCutter\PhotoCutter.csproj", "{21E880B6-0E3B-4901-B5C8-1EE673C2D64A}"
EndProject
Global
	GlobalSection(SolutionConfigurationPlatforms) = preSolution
		Debug|Any CPU = Debug|Any CPU
		Release|Any CPU = Release|Any CPU
	EndGlobalSection
	GlobalSection(ProjectConfigurationPlatforms) = postSolution
		{21E880B6-0E3B-4901-B5C8-1EE673C2D64A}.Debug|Any CPU.ActiveCfg = Debug|Any CPU
		{21E880B6-0E3B-4901-B5C8-1EE673C2D64A}.Debug|Any CPU.Build.0 = Debug|Any CPU
		{21E880B6-0E3B-4901-B5C8-1EE673C2D64A}.Release|Any CPU.ActiveCfg = Release|Any CPU
		{21E880B6-0E3B-4901-B5C8-1EE673C2D64A}.Release|Any CPU.Build.0 = Release|Any CPU
	EndGlobalSection
	GlobalSection(SolutionProperties) = preSolution
		HideSolutionNode = FALSE
	EndGlobalSection
EndGlobal
